github.com/Kidung88/go-say-hello v1.0.0 h1:6HI0nP1QLebvLgYxWiqr4fveMx5STg0+9E4LInS8Zzo=
github.com/Kidung88/go-say-hello v1.0.0/go.mod h1:QC49go2KY7CQt7aTwjwkLGC1YsCJ3Lrwf1issBhbb84=
github.com/Kidung88/go-say-hello v1.5.0 h1:7QXmKUFXeKJjwxWSuLD0sdAc92XC2YL9WDuTwRsmLeI=
github.com/Kidung88/go-say-hello v1.5.0/go.mod h1:QC49go2KY7CQt7aTwjwkLGC1YsCJ3Lrwf1issBhbb84=
github.com/Kidung88/go-say-hello/v2 v2.0.0 h1:HUX4EM2lZNNsAdPO7be/VK9uP6Aym6H84c0ZmT05MBc=
github.com/Kidung88/go-say-hello/v2 v2.0.0/go.mod h1:2T+J3fjX81yt2zNUYS/lzx1oFTIrOf8rUycHp+fiT7I=
